
Microsoft Visual Studio Solution File, Format Version 11.00
# Visual Web Developer Express 2010
Project("{FAE04EC0-301F-11D3-BF4B-00C04F79EFBC}") = "Password", "Password\Password.csproj", "{CD93688D-F9ED-448F-99A4-A43CF12FD29D}"
EndProject
Global
	GlobalSection(SolutionConfigurationPlatforms) = preSolution
		Debug|Any CPU = Debug|Any CPU
		Release|Any CPU = Release|Any CPU
	EndGlobalSection
	GlobalSection(ProjectConfigurationPlatforms) = postSolution
		{CD93688D-F9ED-448F-99A4-A43CF12FD29D}.Debug|Any CPU.ActiveCfg = Debug|Any CPU
		{CD93688D-F9ED-448F-99A4-A43CF12FD29D}.Debug|Any CPU.Build.0 = Debug|Any CPU
		{CD93688D-F9ED-448F-99A4-A43CF12FD29D}.Release|Any CPU.ActiveCfg = Release|Any CPU
		{CD93688D-F9ED-448F-99A4-A43CF12FD29D}.Release|Any CPU.Build.0 = Release|Any CPU
	EndGlobalSection
	GlobalSection(SolutionProperties) = preSolution
		HideSolutionNode = FALSE
	EndGlobalSection
EndGlobal
